Microsoft Visual Studio Solution File, Format Version 12.00
# Visual Studio 15
Project("{8BC9CEB8-8B4A-11D0-8D11-00A0C91BC942}") = "ALL_BUILD", "ALL_BUILD.vcxproj", "{C36BC68B-DB03-3E53-B9F9-01B1B3D9630A}"
	ProjectSection(ProjectDependencies) = postProject
		{5DBFEEAE-C144-3938-9632-6E7C72F29DAB} = {5DBFEEAE-C144-3938-9632-6E7C72F29DAB}
		{D9352EAF-3F6B-3E91-854B-CF7120CEEF94} = {D9352EAF-3F6B-3E91-854B-CF7120CEEF94}
		{4D0ED601-B611-33DF-8436-6C45DBF70A8B} = {4D0ED601-B611-33DF-8436-6C45DBF70A8B}
		{D326E99D-2D2C-3E13-B73F-2FA3C2EB44F9} = {D326E99D-2D2C-3E13-B73F-2FA3C2EB44F9}
		{8BD14FC8-E3FA-3C8B-99AE-49C4C48C9A5B} = {8BD14FC8-E3FA-3C8B-99AE-49C4C48C9A5B}
	EndProjectSection
EndProject
Project("{8BC9CEB8-8B4A-11D0-8D11-00A0C91BC942}") = "INSTALL", "INSTALL.vcxproj", "{105D928F-0763-3135-B7B8-039281F19F7A}"
	ProjectSection(ProjectDependencies) = postProject
		{C36BC68B-DB03-3E53-B9F9-01B1B3D9630A} = {C36BC68B-DB03-3E53-B9F9-01B1B3D9630A}
		{5DBFEEAE-C144-3938-9632-6E7C72F29DAB} = {5DBFEEAE-C144-3938-9632-6E7C72F29DAB}
	EndProjectSection
EndProject
Project("{8BC9CEB8-8B4A-11D0-8D11-00A0C91BC942}") = "RUN_TESTS", "RUN_TESTS.vcxproj", "{A88F17D2-2C42-3E88-861D-CC4C783A4C42}"
	ProjectSection(ProjectDependencies) = postProject
		{5DBFEEAE-C144-3938-9632-6E7C72F29DAB} = {5DBFEEAE-C144-3938-9632-6E7C72F29DAB}
	EndProjectSection
EndProject
Project("{8BC9CEB8-8B4A-11D0-8D11-00A0C91BC942}") = "ZERO_CHECK", "..\..\\ZERO_CHECK.vcxproj", "{5DBFEEAE-C144-3938-9632-6E7C72F29DAB}"
	ProjectSection(ProjectDependencies) = postProject
	EndProjectSection
EndProject
Project("{8BC9CEB8-8B4A-11D0-8D11-00A0C91BC942}") = "gmock", "gmock.vcxproj", "{D9352EAF-3F6B-3E91-854B-CF7120CEEF94}"
	ProjectSection(ProjectDependencies) = postProject
		{5DBFEEAE-C144-3938-9632-6E7C72F29DAB} = {5DBFEEAE-C144-3938-9632-6E7C72F29DAB}
	EndProjectSection
EndProject
Project("{8BC9CEB8-8B4A-11D0-8D11-00A0C91BC942}") = "gmock_main", "gmock_main.vcxproj", "{4D0ED601-B611-33DF-8436-6C45DBF70A8B}"
	ProjectSection(ProjectDependencies) = postProject
		{5DBFEEAE-C144-3938-9632-6E7C72F29DAB} = {5DBFEEAE-C144-3938-9632-6E7C72F29DAB}
	EndProjectSection
EndProject
Project("{8BC9CEB8-8B4A-11D0-8D11-00A0C91BC942}") = "gtest", "gtest\gtest.vcxproj", "{D326E99D-2D2C-3E13-B73F-2FA3C2EB44F9}"
	ProjectSection(ProjectDependencies) = postProject
		{5DBFEEAE-C144-3938-9632-6E7C72F29DAB} = {5DBFEEAE-C144-3938-9632-6E7C72F29DAB}
	EndProjectSection
EndProject
Project("{8BC9CEB8-8B4A-11D0-8D11-00A0C91BC942}") = "gtest_main", "gtest\gtest_main.vcxproj", "{8BD14FC8-E3FA-3C8B-99AE-49C4C48C9A5B}"
	ProjectSection(ProjectDependencies) = postProject
		{5DBFEEAE-C144-3938-9632-6E7C72F29DAB} = {5DBFEEAE-C144-3938-9632-6E7C72F29DAB}
		{D326E99D-2D2C-3E13-B73F-2FA3C2EB44F9} = {D326E99D-2D2C-3E13-B73F-2FA3C2EB44F9}
	EndProjectSection
EndProject
Global
	GlobalSection(SolutionConfigurationPlatforms) = preSolution
		Debug|Win32 = Debug|Win32
		Release|Win32 = Release|Win32
		MinSizeRel|Win32 = MinSizeRel|Win32
		RelWithDebInfo|Win32 = RelWithDebInfo|Win32
	EndGlobalSection
	GlobalSection(ProjectConfigurationPlatforms) = postSolution
		{C36BC68B-DB03-3E53-B9F9-01B1B3D9630A}.Debug|Win32.ActiveCfg = Debug|Win32
		{C36BC68B-DB03-3E53-B9F9-01B1B3D9630A}.Debug|Win32.Build.0 = Debug|Win32
		{C36BC68B-DB03-3E53-B9F9-01B1B3D9630A}.Release|Win32.ActiveCfg = Release|Win32
		{C36BC68B-DB03-3E53-B9F9-01B1B3D9630A}.Release|Win32.Build.0 = Release|Win32
		{C36BC68B-DB03-3E53-B9F9-01B1B3D9630A}.MinSizeRel|Win32.ActiveCfg = MinSizeRel|Win32
		{C36BC68B-DB03-3E53-B9F9-01B1B3D9630A}.MinSizeRel|Win32.Build.0 = MinSizeRel|Win32
		{C36BC68B-DB03-3E53-B9F9-01B1B3D9630A}.RelWithDebInfo|Win32.ActiveCfg = RelWithDebInfo|Win32
		{C36BC68B-DB03-3E53-B9F9-01B1B3D9630A}.RelWithDebInfo|Win32.Build.0 = RelWithDebInfo|Win32
		{105D928F-0763-3135-B7B8-039281F19F7A}.Debug|Win32.ActiveCfg = Debug|Win32
		{105D928F-0763-3135-B7B8-039281F19F7A}.Release|Win32.ActiveCfg = Release|Win32
		{105D928F-0763-3135-B7B8-039281F19F7A}.MinSizeRel|Win32.ActiveCfg = MinSizeRel|Win32
		{105D928F-0763-3135-B7B8-039281F19F7A}.RelWithDebInfo|Win32.ActiveCfg = RelWithDebInfo|Win32
		{A88F17D2-2C42-3E88-861D-CC4C783A4C42}.Debug|Win32.ActiveCfg = Debug|Win32
		{A88F17D2-2C42-3E88-861D-CC4C783A4C42}.Release|Win32.ActiveCfg = Release|Win32
		{A88F17D2-2C42-3E88-861D-CC4C783A4C42}.MinSizeRel|Win32.ActiveCfg = MinSizeRel|Win32
		{A88F17D2-2C42-3E88-861D-CC4C783A4C42}.RelWithDebInfo|Win32.ActiveCfg = RelWithDebInfo|Win32
		{5DBFEEAE-C144-3938-9632-6E7C72F29DAB}.Debug|Win32.ActiveCfg = Debug|Win32
		{5DBFEEAE-C144-3938-9632-6E7C72F29DAB}.Debug|Win32.Build.0 = Debug|Win32
		{5DBFEEAE-C144-3938-9632-6E7C72F29DAB}.Release|Win32.ActiveCfg = Release|Win32
		{5DBFEEAE-C144-3938-9632-6E7C72F29DAB}.Release|Win32.Build.0 = Release|Win32
		{5DBFEEAE-C144-3938-9632-6E7C72F29DAB}.MinSizeRel|Win32.ActiveCfg = MinSizeRel|Win32
		{5DBFEEAE-C144-3938-9632-6E7C72F29DAB}.MinSizeRel|Win32.Build.0 = MinSizeRel|Win32
		{5DBFEEAE-C144-3938-9632-6E7C72F29DAB}.RelWithDebInfo|Win32.ActiveCfg = RelWithDebInfo|Win32
		{5DBFEEAE-C144-3938-9632-6E7C72F29DAB}.RelWithDebInfo|Win32.Build.0 = RelWithDebInfo|Win32
		{D9352EAF-3F6B-3E91-854B-CF7120CEEF94}.Debug|Win32.ActiveCfg = Debug|Win32
		{D9352EAF-3F6B-3E91-854B-CF7120CEEF94}.Debug|Win32.Build.0 = Debug|Win32
		{D9352EAF-3F6B-3E91-854B-CF7120CEEF94}.Release|Win32.ActiveCfg = Release|Win32
		{D9352EAF-3F6B-3E91-854B-CF7120CEEF94}.Release|Win32.Build.0 = Release|Win32
		{D9352EAF-3F6B-3E91-854B-CF7120CEEF94}.MinSizeRel|Win32.ActiveCfg = MinSizeRel|Win32
		{D9352EAF-3F6B-3E91-854B-CF7120CEEF94}.MinSizeRel|Win32.Build.0 = MinSizeRel|Win32
		{D9352EAF-3F6B-3E91-854B-CF7120CEEF94}.RelWithDebInfo|Win32.ActiveCfg = RelWithDebInfo|Win32
		{D9352EAF-3F6B-3E91-854B-CF7120CEEF94}.RelWithDebInfo|Win32.Build.0 = RelWithDebInfo|Win32
		{4D0ED601-B611-33DF-8436-6C45DBF70A8B}.Debug|Win32.ActiveCfg = Debug|Win32
		{4D0ED601-B611-33DF-8436-6C45DBF70A8B}.Debug|Win32.Build.0 = Debug|Win32
		{4D0ED601-B611-33DF-8436-6C45DBF70A8B}.Release|Win32.ActiveCfg = Release|Win32
		{4D0ED601-B611-33DF-8436-6C45DBF70A8B}.Release|Win32.Build.0 = Release|Win32
		{4D0ED601-B611-33DF-8436-6C45DBF70A8B}.MinSizeRel|Win32.ActiveCfg = MinSizeRel|Win32
		{4D0ED601-B611-33DF-8436-6C45DBF70A8B}.MinSizeRel|Win32.Build.0 = MinSizeRel|Win32
		{4D0ED601-B611-33DF-8436-6C45DBF70A8B}.RelWithDebInfo|Win32.ActiveCfg = RelWithDebInfo|Win32
		{4D0ED601-B611-33DF-8436-6C45DBF70A8B}.RelWithDebInfo|Win32.Build.0 = RelWithDebInfo|Win32
		{D326E99D-2D2C-3E13-B73F-2FA3C2EB44F9}.Debug|Win32.ActiveCfg = Debug|Win32
		{D326E99D-2D2C-3E13-B73F-2FA3C2EB44F9}.Debug|Win32.Build.0 = Debug|Win32
		{D326E99D-2D2C-3E13-B73F-2FA3C2EB44F9}.Release|Win32.ActiveCfg = Release|Win32
		{D326E99D-2D2C-3E13-B73F-2FA3C2EB44F9}.Release|Win32.Build.0 = Release|Win32
		{D326E99D-2D2C-3E13-B73F-2FA3C2EB44F9}.MinSizeRel|Win32.ActiveCfg = MinSizeRel|Win32
		{D326E99D-2D2C-3E13-B73F-2FA3C2EB44F9}.MinSizeRel|Win32.Build.0 = MinSizeRel|Win32
		{D326E99D-2D2C-3E13-B73F-2FA3C2EB44F9}.RelWithDebInfo|Win32.ActiveCfg = RelWithDebInfo|Win32
		{D326E99D-2D2C-3E13-B73F-2FA3C2EB44F9}.RelWithDebInfo|Win32.Build.0 = RelWithDebInfo|Win32
		{8BD14FC8-E3FA-3C8B-99AE-49C4C48C9A5B}.Debug|Win32.ActiveCfg = Debug|Win32
		{8BD14FC8-E3FA-3C8B-99AE-49C4C48C9A5B}.Debug|Win32.Build.0 = Debug|Win32
		{8BD14FC8-E3FA-3C8B-99AE-49C4C48C9A5B}.Release|Win32.ActiveCfg = Release|Win32
		{8BD14FC8-E3FA-3C8B-99AE-49C4C48C9A5B}.Release|Win32.Build.0 = Release|Win32
		{8BD14FC8-E3FA-3C8B-99AE-49C4C48C9A5B}.MinSizeRel|Win32.ActiveCfg = MinSizeRel|Win32
		{8BD14FC8-E3FA-3C8B-99AE-49C4C48C9A5B}.MinSizeRel|Win32.Build.0 = MinSizeRel|Win32
		{8BD14FC8-E3FA-3C8B-99AE-49C4C48C9A5B}.RelWithDebInfo|Win32.ActiveCfg = RelWithDebInfo|Win32
		{8BD14FC8-E3FA-3C8B-99AE-49C4C48C9A5B}.RelWithDebInfo|Win32.Build.0 = RelWithDebInfo|Win32
	EndGlobalSection
	GlobalSection(ExtensibilityGlobals) = postSolution
		SolutionGuid = {9BCE0D60-F4B5-3948-85E4-35381A459B9B}
	EndGlobalSection
	GlobalSection(ExtensibilityAddIns) = postSolution
	EndGlobalSection
EndGlobal
